{
  "object": {
    "pins": [
      {
        "package": "BCVaccineValidator",
        "repositoryURL": "https://github.com/FreshworksStudio/BCVaccineValidator",
        "state": {
          "branch": null,
          "revision": "210aef0877a2436810e866ac0d1c94aeecbb9cac",
          "version": "1.0.10"
        }
      },
      {
        "package": "JOSESwift",
        "repositoryURL": "https://github.com/airsidemobile/JOSESwift",
        "state": {
          "branch": null,
          "revision": "10ed3b6736def7c26eb87135466b1cb46ea7e37f",
          "version": "2.4.0"
        }
      }
    ]
  },
  "version": 1
}
