// !$*UTF8*$!
{
	archiveVersion = 1;
	classes = {
	};
	objectVersion = 50;
	objects = {

/* Begin PBXBuildFile section */
		7944F67926F12613006B9444 /* AppDelegate.swift in Sources */ = {isa = PBXBuildFile; fileRef = 7944F67826F12613006B9444 /* AppDelegate.swift */; };
		7944F67B26F12613006B9444 /* SceneDelegate.swift in Sources */ = {isa = PBXBuildFile; fileRef = 7944F67A26F12613006B9444 /* SceneDelegate.swift */; };
		7944F68026F12613006B9444 /* Main.storyboard in Resources */ = {isa = PBXBuildFile; fileRef = 7944F67E26F12613006B9444 /* Main.storyboard */; };
		7944F68326F12614006B9444 /* BCVaccineCard.xcdatamodeld in Sources */ = {isa = PBXBuildFile; fileRef = 7944F68126F12614006B9444 /* BCVaccineCard.xcdatamodeld */; };
		7944F68526F1261B006B9444 /* Assets.xcassets in Resources */ = {isa = PBXBuildFile; fileRef = 7944F68426F1261B006B9444 /* Assets.xcassets */; };
		7944F68826F1261B006B9444 /* LaunchScreen.storyboard in Resources */ = {isa = PBXBuildFile; fileRef = 7944F68626F1261B006B9444 /* LaunchScreen.storyboard */; };
		7944F69326F1261B006B9444 /* BCVaccineCardTests.swift in Sources */ = {isa = PBXBuildFile; fileRef = 7944F69226F1261B006B9444 /* BCVaccineCardTests.swift */; };
		7944F69E26F1261B006B9444 /* BCVaccineCardUITests.swift in Sources */ = {isa = PBXBuildFile; fileRef = 7944F69D26F1261B006B9444 /* BCVaccineCardUITests.swift */; };
		7944F6B426F12BA2006B9444 /* Storyboard.swift in Sources */ = {isa = PBXBuildFile; fileRef = 7944F6B326F12BA1006B9444 /* Storyboard.swift */; };
		7944F6BA26F12BC3006B9444 /* AppColours.swift in Sources */ = {isa = PBXBuildFile; fileRef = 7944F6B626F12BC3006B9444 /* AppColours.swift */; };
		7944F6BB26F12BC3006B9444 /* UIButton+EXT.swift in Sources */ = {isa = PBXBuildFile; fileRef = 7944F6B826F12BC3006B9444 /* UIButton+EXT.swift */; };
		7944F6BC26F12BC3006B9444 /* String+EXT.swift in Sources */ = {isa = PBXBuildFile; fileRef = 7944F6B926F12BC3006B9444 /* String+EXT.swift */; };
		7944F6BE26F12BD5006B9444 /* VaccinePassportModel.swift in Sources */ = {isa = PBXBuildFile; fileRef = 7944F6BD26F12BD5006B9444 /* VaccinePassportModel.swift */; };
		7944F6C126F12BF2006B9444 /* Defaults.swift in Sources */ = {isa = PBXBuildFile; fileRef = 7944F6C026F12BF2006B9444 /* Defaults.swift */; };
		7944F6D426F12C00006B9444 /* AppStyleButton.xib in Resources */ = {isa = PBXBuildFile; fileRef = 7944F6C426F12C00006B9444 /* AppStyleButton.xib */; };
		7944F6D526F12C00006B9444 /* AppStyleButton.swift in Sources */ = {isa = PBXBuildFile; fileRef = 7944F6C526F12C00006B9444 /* AppStyleButton.swift */; };
		7944F6D626F12C00006B9444 /* AlertVC.swift in Sources */ = {isa = PBXBuildFile; fileRef = 7944F6C726F12C00006B9444 /* AlertVC.swift */; };
		7944F6D726F12C00006B9444 /* VaxQRZoomedInView.xib in Resources */ = {isa = PBXBuildFile; fileRef = 7944F6C926F12C00006B9444 /* VaxQRZoomedInView.xib */; };
		7944F6D826F12C00006B9444 /* VaxQRZoomedInView.swift in Sources */ = {isa = PBXBuildFile; fileRef = 7944F6CA26F12C00006B9444 /* VaxQRZoomedInView.swift */; };
		7944F6D926F12C00006B9444 /* PassportCollectionCell.swift in Sources */ = {isa = PBXBuildFile; fileRef = 7944F6CC26F12C00006B9444 /* PassportCollectionCell.swift */; };
		7944F6DA26F12C00006B9444 /* PassportCollectionCell.xib in Resources */ = {isa = PBXBuildFile; fileRef = 7944F6CD26F12C00006B9444 /* PassportCollectionCell.xib */; };
		7944F6DB26F12C00006B9444 /* ShadowCardView.swift in Sources */ = {isa = PBXBuildFile; fileRef = 7944F6CF26F12C00006B9444 /* ShadowCardView.swift */; };
		7944F6DC26F12C00006B9444 /* ShadowCardView.xib in Resources */ = {isa = PBXBuildFile; fileRef = 7944F6D026F12C00006B9444 /* ShadowCardView.xib */; };
		7944F6DD26F12C00006B9444 /* NavigationHeaderView.swift in Sources */ = {isa = PBXBuildFile; fileRef = 7944F6D226F12C00006B9444 /* NavigationHeaderView.swift */; };
		7944F6DE26F12C00006B9444 /* NavigationHeaderView.xib in Resources */ = {isa = PBXBuildFile; fileRef = 7944F6D326F12C00006B9444 /* NavigationHeaderView.xib */; };
		7944F6E726F12C4E006B9444 /* GatewayFormViewController.swift in Sources */ = {isa = PBXBuildFile; fileRef = 7944F6E026F12C4E006B9444 /* GatewayFormViewController.swift */; };
		7944F6E826F12C4E006B9444 /* ZoomedInPopUpVC.swift in Sources */ = {isa = PBXBuildFile; fileRef = 7944F6E326F12C4E006B9444 /* ZoomedInPopUpVC.swift */; };
		7944F6E926F12C4E006B9444 /* VaccinePassportVC.swift in Sources */ = {isa = PBXBuildFile; fileRef = 7944F6E426F12C4E006B9444 /* VaccinePassportVC.swift */; };
		7944F6EA26F12C4E006B9444 /* VaccineStorageVC.swift in Sources */ = {isa = PBXBuildFile; fileRef = 7944F6E626F12C4E006B9444 /* VaccineStorageVC.swift */; };
		7944F6F526F30293006B9444 /* CardsBaseViewController.swift in Sources */ = {isa = PBXBuildFile; fileRef = 7944F6F426F30293006B9444 /* CardsBaseViewController.swift */; };
		7944F6F826F302DF006B9444 /* BaseViewController.swift in Sources */ = {isa = PBXBuildFile; fileRef = 7944F6F726F302DF006B9444 /* BaseViewController.swift */; };
		7944F6FA26F30413006B9444 /* UINavigationItem+Ext.swift in Sources */ = {isa = PBXBuildFile; fileRef = 7944F6F926F30413006B9444 /* UINavigationItem+Ext.swift */; };
		7944F6FF26F3141A006B9444 /* VaccineCardTableViewCell.swift in Sources */ = {isa = PBXBuildFile; fileRef = 7944F6FD26F3141A006B9444 /* VaccineCardTableViewCell.swift */; };
		7944F70026F3141A006B9444 /* VaccineCardTableViewCell.xib in Resources */ = {isa = PBXBuildFile; fileRef = 7944F6FE26F3141A006B9444 /* VaccineCardTableViewCell.xib */; };
		7944F70426F31451006B9444 /* NoCardsTableViewCell.swift in Sources */ = {isa = PBXBuildFile; fileRef = 7944F70226F31451006B9444 /* NoCardsTableViewCell.swift */; };
		7944F70526F31451006B9444 /* NoCardsTableViewCell.xib in Resources */ = {isa = PBXBuildFile; fileRef = 7944F70326F31451006B9444 /* NoCardsTableViewCell.xib */; };
		7944F70B26F39128006B9444 /* SettingsViewController.swift in Sources */ = {isa = PBXBuildFile; fileRef = 7944F70A26F39128006B9444 /* SettingsViewController.swift */; };
		7944F70E26F3A0C1006B9444 /* QRRetrievalMethodViewController.swift in Sources */ = {isa = PBXBuildFile; fileRef = 7944F70D26F3A0C1006B9444 /* QRRetrievalMethodViewController.swift */; };
		7944F71426F3A26D006B9444 /* QRSelectionTableViewCell.swift in Sources */ = {isa = PBXBuildFile; fileRef = 7944F71226F3A26D006B9444 /* QRSelectionTableViewCell.swift */; };
		7944F71526F3A26D006B9444 /* QRSelectionTableViewCell.xib in Resources */ = {isa = PBXBuildFile; fileRef = 7944F71326F3A26D006B9444 /* QRSelectionTableViewCell.xib */; };
		7944F71926F3B59C006B9444 /* TextTableViewCell.swift in Sources */ = {isa = PBXBuildFile; fileRef = 7944F71726F3B59B006B9444 /* TextTableViewCell.swift */; };
		7944F71A26F3B59C006B9444 /* TextTableViewCell.xib in Resources */ = {isa = PBXBuildFile; fileRef = 7944F71826F3B59B006B9444 /* TextTableViewCell.xib */; };
		7967E73326F3DC9A00EEF510 /* FormTableViewCell.swift in Sources */ = {isa = PBXBuildFile; fileRef = 7967E73126F3DC9A00EEF510 /* FormTableViewCell.swift */; };
		7967E73426F3DC9A00EEF510 /* FormTableViewCell.xib in Resources */ = {isa = PBXBuildFile; fileRef = 7967E73226F3DC9A00EEF510 /* FormTableViewCell.xib */; };
		7967E73626F40DB100EEF510 /* Constants.swift in Sources */ = {isa = PBXBuildFile; fileRef = 7967E73526F40DB100EEF510 /* Constants.swift */; };
		7967E73826F502E800EEF510 /* Date+Ext.swift in Sources */ = {isa = PBXBuildFile; fileRef = 7967E73726F502E800EEF510 /* Date+Ext.swift */; };
		7967E73A26F517F600EEF510 /* GatewayFormData.swift in Sources */ = {isa = PBXBuildFile; fileRef = 7967E73926F517F600EEF510 /* GatewayFormData.swift */; };
		9546C28739E626D7D7A60896 /* Pods_BCVaccineCardTests.framework in Frameworks */ = {isa = PBXBuildFile; fileRef = 835B02C2C4FA0862B326DDC5 /* Pods_BCVaccineCardTests.framework */; };
		9DAF232264AA1CF2B55907A2 /* Pods_BCVaccineCard_BCVaccineCardUITests.framework in Frameworks */ = {isa = PBXBuildFile; fileRef = A05EB7652EC6BE3F7ECAA70D /* Pods_BCVaccineCard_BCVaccineCardUITests.framework */; };
		FFC4DD0E1F01F7FB7EEF1E76 /* Pods_BCVaccineCard.framework in Frameworks */ = {isa = PBXBuildFile; fileRef = BBBD04D2372996911897ACE5 /* Pods_BCVaccineCard.framework */; };
/* End PBXBuildFile section */

/* Begin PBXContainerItemProxy section */
		7944F68F26F1261B006B9444 /* PBXContainerItemProxy */ = {
			isa = PBXContainerItemProxy;
			containerPortal = 7944F66D26F12613006B9444 /* Project object */;
			proxyType = 1;
			remoteGlobalIDString = 7944F67426F12613006B9444;
			remoteInfo = BCVaccineCard;
		};
		7944F69A26F1261B006B9444 /* PBXContainerItemProxy */ = {
			isa = PBXContainerItemProxy;
			containerPortal = 7944F66D26F12613006B9444 /* Project object */;
			proxyType = 1;
			remoteGlobalIDString = 7944F67426F12613006B9444;
			remoteInfo = BCVaccineCard;
		};
/* End PBXContainerItemProxy section */

/* Begin PBXFileReference section */
		22CC9502C9D3E22D82962D6E /* Pods-BCVaccineCardTests.release.xcconfig */ = {isa = PBXFileReference; includeInIndex = 1; lastKnownFileType = text.xcconfig; name = "Pods-BCVaccineCardTests.release.xcconfig"; path = "Target Support Files/Pods-BCVaccineCardTests/Pods-BCVaccineCardTests.release.xcconfig"; sourceTree = "<group>"; };
		53570F92CBD6DF6859403D73 /* Pods-BCVaccineCardTests.debug.xcconfig */ = {isa = PBXFileReference; includeInIndex = 1; lastKnownFileType = text.xcconfig; name = "Pods-BCVaccineCardTests.debug.xcconfig"; path = "Target Support Files/Pods-BCVaccineCardTests/Pods-BCVaccineCardTests.debug.xcconfig"; sourceTree = "<group>"; };
		5911A9FDF63511EB5F472758 /* Pods-BCVaccineCard-BCVaccineCardUITests.release.xcconfig */ = {isa = PBXFileReference; includeInIndex = 1; lastKnownFileType = text.xcconfig; name = "Pods-BCVaccineCard-BCVaccineCardUITests.release.xcconfig"; path = "Target Support Files/Pods-BCVaccineCard-BCVaccineCardUITests/Pods-BCVaccineCard-BCVaccineCardUITests.release.xcconfig"; sourceTree = "<group>"; };
		7944F67526F12613006B9444 /* BCVaccineCard.app */ = {isa = PBXFileReference; explicitFileType = wrapper.application; includeInIndex = 0; path = BCVaccineCard.app; sourceTree = BUILT_PRODUCTS_DIR; };
		7944F67826F12613006B9444 /* AppDelegate.swift */ = {isa = PBXFileReference; lastKnownFileType = sourcecode.swift; path = AppDelegate.swift; sourceTree = "<group>"; };
		7944F67A26F12613006B9444 /* SceneDelegate.swift */ = {isa = PBXFileReference; lastKnownFileType = sourcecode.swift; path = SceneDelegate.swift; sourceTree = "<group>"; };
		7944F67F26F12613006B9444 /* Base */ = {isa = PBXFileReference; lastKnownFileType = file.storyboard; name = Base; path = Base.lproj/Main.storyboard; sourceTree = "<group>"; };
		7944F68226F12614006B9444 /* BCVaccineCard.xcdatamodel */ = {isa = PBXFileReference; lastKnownFileType = wrapper.xcdatamodel; path = BCVaccineCard.xcdatamodel; sourceTree = "<group>"; };
		7944F68426F1261B006B9444 /* Assets.xcassets */ = {isa = PBXFileReference; lastKnownFileType = folder.assetcatalog; path = Assets.xcassets; sourceTree = "<group>"; };
		7944F68726F1261B006B9444 /* Base */ = {isa = PBXFileReference; lastKnownFileType = file.storyboard; name = Base; path = Base.lproj/LaunchScreen.storyboard; sourceTree = "<group>"; };
		7944F68926F1261B006B9444 /* Info.plist */ = {isa = PBXFileReference; lastKnownFileType = text.plist.xml; path = Info.plist; sourceTree = "<group>"; };
		7944F68E26F1261B006B9444 /* BCVaccineCardTests.xctest */ = {isa = PBXFileReference; explicitFileType = wrapper.cfbundle; includeInIndex = 0; path = BCVaccineCardTests.xctest; sourceTree = BUILT_PRODUCTS_DIR; };
		7944F69226F1261B006B9444 /* BCVaccineCardTests.swift */ = {isa = PBXFileReference; lastKnownFileType = sourcecode.swift; path = BCVaccineCardTests.swift; sourceTree = "<group>"; };
		7944F69426F1261B006B9444 /* Info.plist */ = {isa = PBXFileReference; lastKnownFileType = text.plist.xml; path = Info.plist; sourceTree = "<group>"; };
		7944F69926F1261B006B9444 /* BCVaccineCardUITests.xctest */ = {isa = PBXFileReference; explicitFileType = wrapper.cfbundle; includeInIndex = 0; path = BCVaccineCardUITests.xctest; sourceTree = BUILT_PRODUCTS_DIR; };
		7944F69D26F1261B006B9444 /* BCVaccineCardUITests.swift */ = {isa = PBXFileReference; lastKnownFileType = sourcecode.swift; path = BCVaccineCardUITests.swift; sourceTree = "<group>"; };
		7944F69F26F1261B006B9444 /* Info.plist */ = {isa = PBXFileReference; lastKnownFileType = text.plist.xml; path = Info.plist; sourceTree = "<group>"; };
		7944F6B326F12BA1006B9444 /* Storyboard.swift */ = {isa = PBXFileReference; fileEncoding = 4; lastKnownFileType = sourcecode.swift; path = Storyboard.swift; sourceTree = "<group>"; };
		7944F6B626F12BC3006B9444 /* AppColours.swift */ = {isa = PBXFileReference; fileEncoding = 4; lastKnownFileType = sourcecode.swift; path = AppColours.swift; sourceTree = "<group>"; };
		7944F6B826F12BC3006B9444 /* UIButton+EXT.swift */ = {isa = PBXFileReference; fileEncoding = 4; lastKnownFileType = sourcecode.swift; path = "UIButton+EXT.swift"; sourceTree = "<group>"; };
		7944F6B926F12BC3006B9444 /* String+EXT.swift */ = {isa = PBXFileReference; fileEncoding = 4; lastKnownFileType = sourcecode.swift; path = "String+EXT.swift"; sourceTree = "<group>"; };
		7944F6BD26F12BD5006B9444 /* VaccinePassportModel.swift */ = {isa = PBXFileReference; fileEncoding = 4; lastKnownFileType = sourcecode.swift; path = VaccinePassportModel.swift; sourceTree = "<group>"; };
		7944F6C026F12BF2006B9444 /* Defaults.swift */ = {isa = PBXFileReference; fileEncoding = 4; lastKnownFileType = sourcecode.swift; path = Defaults.swift; sourceTree = "<group>"; };
		7944F6C426F12C00006B9444 /* AppStyleButton.xib */ = {isa = PBXFileReference; fileEncoding = 4; lastKnownFileType = file.xib; path = AppStyleButton.xib; sourceTree = "<group>"; };
		7944F6C526F12C00006B9444 /* AppStyleButton.swift */ = {isa = PBXFileReference; fileEncoding = 4; lastKnownFileType = sourcecode.swift; path = AppStyleButton.swift; sourceTree = "<group>"; };
		7944F6C726F12C00006B9444 /* AlertVC.swift */ = {isa = PBXFileReference; fileEncoding = 4; lastKnownFileType = sourcecode.swift; path = AlertVC.swift; sourceTree = "<group>"; };
		7944F6C926F12C00006B9444 /* VaxQRZoomedInView.xib */ = {isa = PBXFileReference; fileEncoding = 4; lastKnownFileType = file.xib; path = VaxQRZoomedInView.xib; sourceTree = "<group>"; };
		7944F6CA26F12C00006B9444 /* VaxQRZoomedInView.swift */ = {isa = PBXFileReference; fileEncoding = 4; lastKnownFileType = sourcecode.swift; path = VaxQRZoomedInView.swift; sourceTree = "<group>"; };
		7944F6CC26F12C00006B9444 /* PassportCollectionCell.swift */ = {isa = PBXFileReference; fileEncoding = 4; lastKnownFileType = sourcecode.swift; path = PassportCollectionCell.swift; sourceTree = "<group>"; };
		7944F6CD26F12C00006B9444 /* PassportCollectionCell.xib */ = {isa = PBXFileReference; fileEncoding = 4; lastKnownFileType = file.xib; path = PassportCollectionCell.xib; sourceTree = "<group>"; };
		7944F6CF26F12C00006B9444 /* ShadowCardView.swift */ = {isa = PBXFileReference; fileEncoding = 4; lastKnownFileType = sourcecode.swift; path = ShadowCardView.swift; sourceTree = "<group>"; };
		7944F6D026F12C00006B9444 /* ShadowCardView.xib */ = {isa = PBXFileReference; fileEncoding = 4; lastKnownFileType = file.xib; path = ShadowCardView.xib; sourceTree = "<group>"; };
		7944F6D226F12C00006B9444 /* NavigationHeaderView.swift */ = {isa = PBXFileReference; fileEncoding = 4; lastKnownFileType = sourcecode.swift; path = NavigationHeaderView.swift; sourceTree = "<group>"; };
		7944F6D326F12C00006B9444 /* NavigationHeaderView.xib */ = {isa = PBXFileReference; fileEncoding = 4; lastKnownFileType = file.xib; path = NavigationHeaderView.xib; sourceTree = "<group>"; };
		7944F6E026F12C4E006B9444 /* GatewayFormViewController.swift */ = {isa = PBXFileReference; fileEncoding = 4; lastKnownFileType = sourcecode.swift; path = GatewayFormViewController.swift; sourceTree = "<group>"; };
		7944F6E326F12C4E006B9444 /* ZoomedInPopUpVC.swift */ = {isa = PBXFileReference; fileEncoding = 4; lastKnownFileType = sourcecode.swift; path = ZoomedInPopUpVC.swift; sourceTree = "<group>"; };
		7944F6E426F12C4E006B9444 /* VaccinePassportVC.swift */ = {isa = PBXFileReference; fileEncoding = 4; lastKnownFileType = sourcecode.swift; path = VaccinePassportVC.swift; sourceTree = "<group>"; };
		7944F6E626F12C4E006B9444 /* VaccineStorageVC.swift */ = {isa = PBXFileReference; fileEncoding = 4; lastKnownFileType = sourcecode.swift; path = VaccineStorageVC.swift; sourceTree = "<group>"; };
		7944F6F426F30293006B9444 /* CardsBaseViewController.swift */ = {isa = PBXFileReference; lastKnownFileType = sourcecode.swift; path = CardsBaseViewController.swift; sourceTree = "<group>"; };
		7944F6F726F302DF006B9444 /* BaseViewController.swift */ = {isa = PBXFileReference; lastKnownFileType = sourcecode.swift; path = BaseViewController.swift; sourceTree = "<group>"; };
		7944F6F926F30413006B9444 /* UINavigationItem+Ext.swift */ = {isa = PBXFileReference; lastKnownFileType = sourcecode.swift; path = "UINavigationItem+Ext.swift"; sourceTree = "<group>"; };
		7944F6FD26F3141A006B9444 /* VaccineCardTableViewCell.swift */ = {isa = PBXFileReference; lastKnownFileType = sourcecode.swift; path = VaccineCardTableViewCell.swift; sourceTree = "<group>"; };
		7944F6FE26F3141A006B9444 /* VaccineCardTableViewCell.xib */ = {isa = PBXFileReference; lastKnownFileType = file.xib; path = VaccineCardTableViewCell.xib; sourceTree = "<group>"; };
		7944F70226F31451006B9444 /* NoCardsTableViewCell.swift */ = {isa = PBXFileReference; lastKnownFileType = sourcecode.swift; path = NoCardsTableViewCell.swift; sourceTree = "<group>"; };
		7944F70326F31451006B9444 /* NoCardsTableViewCell.xib */ = {isa = PBXFileReference; lastKnownFileType = file.xib; path = NoCardsTableViewCell.xib; sourceTree = "<group>"; };
		7944F70A26F39128006B9444 /* SettingsViewController.swift */ = {isa = PBXFileReference; lastKnownFileType = sourcecode.swift; path = SettingsViewController.swift; sourceTree = "<group>"; };
		7944F70D26F3A0C1006B9444 /* QRRetrievalMethodViewController.swift */ = {isa = PBXFileReference; lastKnownFileType = sourcecode.swift; path = QRRetrievalMethodViewController.swift; sourceTree = "<group>"; };
		7944F71226F3A26D006B9444 /* QRSelectionTableViewCell.swift */ = {isa = PBXFileReference; lastKnownFileType = sourcecode.swift; path = QRSelectionTableViewCell.swift; sourceTree = "<group>"; };
		7944F71326F3A26D006B9444 /* QRSelectionTableViewCell.xib */ = {isa = PBXFileReference; lastKnownFileType = file.xib; path = QRSelectionTableViewCell.xib; sourceTree = "<group>"; };
		7944F71726F3B59B006B9444 /* TextTableViewCell.swift */ = {isa = PBXFileReference; lastKnownFileType = sourcecode.swift; path = TextTableViewCell.swift; sourceTree = "<group>"; };
		7944F71826F3B59B006B9444 /* TextTableViewCell.xib */ = {isa = PBXFileReference; lastKnownFileType = file.xib; path = TextTableViewCell.xib; sourceTree = "<group>"; };
		7967E73126F3DC9A00EEF510 /* FormTableViewCell.swift */ = {isa = PBXFileReference; lastKnownFileType = sourcecode.swift; path = FormTableViewCell.swift; sourceTree = "<group>"; };
		7967E73226F3DC9A00EEF510 /* FormTableViewCell.xib */ = {isa = PBXFileReference; lastKnownFileType = file.xib; path = FormTableViewCell.xib; sourceTree = "<group>"; };
		7967E73526F40DB100EEF510 /* Constants.swift */ = {isa = PBXFileReference; lastKnownFileType = sourcecode.swift; path = Constants.swift; sourceTree = "<group>"; };
		7967E73726F502E800EEF510 /* Date+Ext.swift */ = {isa = PBXFileReference; lastKnownFileType = sourcecode.swift; path = "Date+Ext.swift"; sourceTree = "<group>"; };
		7967E73926F517F600EEF510 /* GatewayFormData.swift */ = {isa = PBXFileReference; lastKnownFileType = sourcecode.swift; path = GatewayFormData.swift; sourceTree = "<group>"; };
		835B02C2C4FA0862B326DDC5 /* Pods_BCVaccineCardTests.framework */ = {isa = PBXFileReference; explicitFileType = wrapper.framework; includeInIndex = 0; path = Pods_BCVaccineCardTests.framework; sourceTree = BUILT_PRODUCTS_DIR; };
		A05EB7652EC6BE3F7ECAA70D /* Pods_BCVaccineCard_BCVaccineCardUITests.framework */ = {isa = PBXFileReference; explicitFileType = wrapper.framework; includeInIndex = 0; path = Pods_BCVaccineCard_BCVaccineCardUITests.framework; sourceTree = BUILT_PRODUCTS_DIR; };
		B9FD1E568D657877F1A46EDF /* Pods-BCVaccineCard.release.xcconfig */ = {isa = PBXFileReference; includeInIndex = 1; lastKnownFileType = text.xcconfig; name = "Pods-BCVaccineCard.release.xcconfig"; path = "Target Support Files/Pods-BCVaccineCard/Pods-BCVaccineCard.release.xcconfig"; sourceTree = "<group>"; };
		BBBD04D2372996911897ACE5 /* Pods_BCVaccineCard.framework */ = {isa = PBXFileReference; explicitFileType = wrapper.framework; includeInIndex = 0; path = Pods_BCVaccineCard.framework; sourceTree = BUILT_PRODUCTS_DIR; };
		BF4242F38B990712D13A4526 /* Pods-BCVaccineCard.debug.xcconfig */ = {isa = PBXFileReference; includeInIndex = 1; lastKnownFileType = text.xcconfig; name = "Pods-BCVaccineCard.debug.xcconfig"; path = "Target Support Files/Pods-BCVaccineCard/Pods-BCVaccineCard.debug.xcconfig"; sourceTree = "<group>"; };
		C0AEE6E3A4791CF9E9005A99 /* Pods-BCVaccineCard-BCVaccineCardUITests.debug.xcconfig */ = {isa = PBXFileReference; includeInIndex = 1; lastKnownFileType = text.xcconfig; name = "Pods-BCVaccineCard-BCVaccineCardUITests.debug.xcconfig"; path = "Target Support Files/Pods-BCVaccineCard-BCVaccineCardUITests/Pods-BCVaccineCard-BCVaccineCardUITests.debug.xcconfig"; sourceTree = "<group>"; };
/* End PBXFileReference section */

/* Begin PBXFrameworksBuildPhase section */
		7944F67226F12613006B9444 /* Frameworks */ = {
			isa = PBXFrameworksBuildPhase;
			buildActionMask = 2147483647;
			files = (
				FFC4DD0E1F01F7FB7EEF1E76 /* Pods_BCVaccineCard.framework in Frameworks */,
			);
			runOnlyForDeploymentPostprocessing = 0;
		};
		7944F68B26F1261B006B9444 /* Frameworks */ = {
			isa = PBXFrameworksBuildPhase;
			buildActionMask = 2147483647;
			files = (
				9546C28739E626D7D7A60896 /* Pods_BCVaccineCardTests.framework in Frameworks */,
			);
			runOnlyForDeploymentPostprocessing = 0;
		};
		7944F69626F1261B006B9444 /* Frameworks */ = {
			isa = PBXFrameworksBuildPhase;
			buildActionMask = 2147483647;
			files = (
				9DAF232264AA1CF2B55907A2 /* Pods_BCVaccineCard_BCVaccineCardUITests.framework in Frameworks */,
			);
			runOnlyForDeploymentPostprocessing = 0;
		};
/* End PBXFrameworksBuildPhase section */

/* Begin PBXGroup section */
		7944F66C26F12613006B9444 = {
			isa = PBXGroup;
			children = (
				7944F67726F12613006B9444 /* BCVaccineCard */,
				7944F69126F1261B006B9444 /* BCVaccineCardTests */,
				7944F69C26F1261B006B9444 /* BCVaccineCardUITests */,
				7944F67626F12613006B9444 /* Products */,
				95BA81E170E18F38F168CAC6 /* Pods */,
				DCFF91F7DE26F761749DD7CC /* Frameworks */,
			);
			sourceTree = "<group>";
		};
		7944F67626F12613006B9444 /* Products */ = {
			isa = PBXGroup;
			children = (
				7944F67526F12613006B9444 /* BCVaccineCard.app */,
				7944F68E26F1261B006B9444 /* BCVaccineCardTests.xctest */,
				7944F69926F1261B006B9444 /* BCVaccineCardUITests.xctest */,
			);
			name = Products;
			sourceTree = "<group>";
		};
		7944F67726F12613006B9444 /* BCVaccineCard */ = {
			isa = PBXGroup;
			children = (
				7944F6BF26F12BE7006B9444 /* LocalStorage */,
				7944F6B126F12AAA006B9444 /* Common */,
				7944F6B026F12A9D006B9444 /* Utility */,
				7944F6AF26F12A95006B9444 /* Helpers */,
				7944F6AE26F12A8B006B9444 /* Models */,
				7944F6AD26F129DE006B9444 /* Storyboards */,
				7944F6B226F12AB3006B9444 /* Screens */,
				7944F67826F12613006B9444 /* AppDelegate.swift */,
				7944F67A26F12613006B9444 /* SceneDelegate.swift */,
				7944F68426F1261B006B9444 /* Assets.xcassets */,
				7944F68926F1261B006B9444 /* Info.plist */,
				7944F68126F12614006B9444 /* BCVaccineCard.xcdatamodeld */,
			);
			path = BCVaccineCard;
			sourceTree = "<group>";
		};
		7944F69126F1261B006B9444 /* BCVaccineCardTests */ = {
			isa = PBXGroup;
			children = (
				7944F69226F1261B006B9444 /* BCVaccineCardTests.swift */,
				7944F69426F1261B006B9444 /* Info.plist */,
			);
			path = BCVaccineCardTests;
			sourceTree = "<group>";
		};
		7944F69C26F1261B006B9444 /* BCVaccineCardUITests */ = {
			isa = PBXGroup;
			children = (
				7944F69D26F1261B006B9444 /* BCVaccineCardUITests.swift */,
				7944F69F26F1261B006B9444 /* Info.plist */,
			);
			path = BCVaccineCardUITests;
			sourceTree = "<group>";
		};
		7944F6AD26F129DE006B9444 /* Storyboards */ = {
			isa = PBXGroup;
			children = (
				7944F67E26F12613006B9444 /* Main.storyboard */,
				7944F68626F1261B006B9444 /* LaunchScreen.storyboard */,
			);
			path = Storyboards;
			sourceTree = "<group>";
		};
		7944F6AE26F12A8B006B9444 /* Models */ = {
			isa = PBXGroup;
			children = (
				7944F6BD26F12BD5006B9444 /* VaccinePassportModel.swift */,
				7967E73926F517F600EEF510 /* GatewayFormData.swift */,
			);
			path = Models;
			sourceTree = "<group>";
		};
		7944F6AF26F12A95006B9444 /* Helpers */ = {
			isa = PBXGroup;
			children = (
				7944F6B526F12BC3006B9444 /* Colors */,
				7944F6B726F12BC3006B9444 /* Extensions */,
			);
			path = Helpers;
			sourceTree = "<group>";
		};
		7944F6B026F12A9D006B9444 /* Utility */ = {
			isa = PBXGroup;
			children = (
				7944F6B326F12BA1006B9444 /* Storyboard.swift */,
				7967E73526F40DB100EEF510 /* Constants.swift */,
			);
			path = Utility;
			sourceTree = "<group>";
		};
		7944F6B126F12AAA006B9444 /* Common */ = {
			isa = PBXGroup;
			children = (
				7944F6F626F302C0006B9444 /* BaseViewController */,
				7944F6F126F2D07C006B9444 /* NavigationBar */,
				7944F6C226F12C00006B9444 /* Views */,
			);
			path = Common;
			sourceTree = "<group>";
		};
		7944F6B226F12AB3006B9444 /* Screens */ = {
			isa = PBXGroup;
			children = (
				7944F70726F390E4006B9444 /* SettingsFlow */,
				7944F6F226F30262006B9444 /* CardsFlow */,
				7944F70626F390CB006B9444 /* Old */,
			);
			path = Screens;
			sourceTree = "<group>";
		};
		7944F6B526F12BC3006B9444 /* Colors */ = {
			isa = PBXGroup;
			children = (
				7944F6B626F12BC3006B9444 /* AppColours.swift */,
			);
			path = Colors;
			sourceTree = "<group>";
		};
		7944F6B726F12BC3006B9444 /* Extensions */ = {
			isa = PBXGroup;
			children = (
				7944F6B826F12BC3006B9444 /* UIButton+EXT.swift */,
				7944F6B926F12BC3006B9444 /* String+EXT.swift */,
				7944F6F926F30413006B9444 /* UINavigationItem+Ext.swift */,
				7967E73726F502E800EEF510 /* Date+Ext.swift */,
			);
			path = Extensions;
			sourceTree = "<group>";
		};
		7944F6BF26F12BE7006B9444 /* LocalStorage */ = {
			isa = PBXGroup;
			children = (
				7944F6C026F12BF2006B9444 /* Defaults.swift */,
			);
			path = LocalStorage;
			sourceTree = "<group>";
		};
		7944F6C226F12C00006B9444 /* Views */ = {
			isa = PBXGroup;
			children = (
				7944F6FB26F313EF006B9444 /* TableViewCells */,
				7944F6C326F12C00006B9444 /* AppStyleButton */,
				7944F6C626F12C00006B9444 /* AlertVC */,
				7944F6C826F12C00006B9444 /* VaxQRZoomedInView */,
				7944F6CB26F12C00006B9444 /* PassportCollectionCell */,
				7944F6CE26F12C00006B9444 /* ShadowCardView */,
				7944F6D126F12C00006B9444 /* NavigationHeaderView */,
			);
			path = Views;
			sourceTree = "<group>";
		};
		7944F6C326F12C00006B9444 /* AppStyleButton */ = {
			isa = PBXGroup;
			children = (
				7944F6C426F12C00006B9444 /* AppStyleButton.xib */,
				7944F6C526F12C00006B9444 /* AppStyleButton.swift */,
			);
			path = AppStyleButton;
			sourceTree = "<group>";
		};
		7944F6C626F12C00006B9444 /* AlertVC */ = {
			isa = PBXGroup;
			children = (
				7944F6C726F12C00006B9444 /* AlertVC.swift */,
			);
			path = AlertVC;
			sourceTree = "<group>";
		};
		7944F6C826F12C00006B9444 /* VaxQRZoomedInView */ = {
			isa = PBXGroup;
			children = (
				7944F6C926F12C00006B9444 /* VaxQRZoomedInView.xib */,
				7944F6CA26F12C00006B9444 /* VaxQRZoomedInView.swift */,
			);
			path = VaxQRZoomedInView;
			sourceTree = "<group>";
		};
		7944F6CB26F12C00006B9444 /* PassportCollectionCell */ = {
			isa = PBXGroup;
			children = (
				7944F6CC26F12C00006B9444 /* PassportCollectionCell.swift */,
				7944F6CD26F12C00006B9444 /* PassportCollectionCell.xib */,
			);
			path = PassportCollectionCell;
			sourceTree = "<group>";
		};
		7944F6CE26F12C00006B9444 /* ShadowCardView */ = {
			isa = PBXGroup;
			children = (
				7944F6CF26F12C00006B9444 /* ShadowCardView.swift */,
				7944F6D026F12C00006B9444 /* ShadowCardView.xib */,
			);
			path = ShadowCardView;
			sourceTree = "<group>";
		};
		7944F6D126F12C00006B9444 /* NavigationHeaderView */ = {
			isa = PBXGroup;
			children = (
				7944F6D226F12C00006B9444 /* NavigationHeaderView.swift */,
				7944F6D326F12C00006B9444 /* NavigationHeaderView.xib */,
			);
			path = NavigationHeaderView;
			sourceTree = "<group>";
		};
		7944F6E126F12C4E006B9444 /* VaccinePassportScreen */ = {
			isa = PBXGroup;
			children = (
				7944F6E226F12C4E006B9444 /* ZoomedInPopUpVC */,
				7944F6E426F12C4E006B9444 /* VaccinePassportVC.swift */,
			);
			path = VaccinePassportScreen;
			sourceTree = "<group>";
		};
		7944F6E226F12C4E006B9444 /* ZoomedInPopUpVC */ = {
			isa = PBXGroup;
			children = (
				7944F6E326F12C4E006B9444 /* ZoomedInPopUpVC.swift */,
			);
			path = ZoomedInPopUpVC;
			sourceTree = "<group>";
		};
		7944F6E526F12C4E006B9444 /* VaccineStorageScreen */ = {
			isa = PBXGroup;
			children = (
				7944F6E626F12C4E006B9444 /* VaccineStorageVC.swift */,
			);
			path = VaccineStorageScreen;
			sourceTree = "<group>";
		};
		7944F6F126F2D07C006B9444 /* NavigationBar */ = {
			isa = PBXGroup;
			children = (
			);
			path = NavigationBar;
			sourceTree = "<group>";
		};
		7944F6F226F30262006B9444 /* CardsFlow */ = {
			isa = PBXGroup;
			children = (
				7944F6F326F30273006B9444 /* CardsBase */,
				7944F70C26F3A09A006B9444 /* QRRetrievalMethod */,
				7944F71B26F3CC36006B9444 /* RetrievalOptions */,
			);
			path = CardsFlow;
			sourceTree = "<group>";
		};
		7944F6F326F30273006B9444 /* CardsBase */ = {
			isa = PBXGroup;
			children = (
				7944F6F426F30293006B9444 /* CardsBaseViewController.swift */,
			);
			path = CardsBase;
			sourceTree = "<group>";
		};
		7944F6F626F302C0006B9444 /* BaseViewController */ = {
			isa = PBXGroup;
			children = (
				7944F6F726F302DF006B9444 /* BaseViewController.swift */,
			);
			path = BaseViewController;
			sourceTree = "<group>";
		};
		7944F6FB26F313EF006B9444 /* TableViewCells */ = {
			isa = PBXGroup;
			children = (
				7967E73026F3DC5F00EEF510 /* FormTableViewCell */,
				7944F71626F3B589006B9444 /* TextTableViewCell */,
				7944F70F26F3A20E006B9444 /* QRSelectionTableViewCell */,
				7944F70126F31425006B9444 /* NoCardsTableViewCell */,
				7944F6FC26F313F7006B9444 /* VaccineCardTableViewCell */,
			);
			path = TableViewCells;
			sourceTree = "<group>";
		};
		7944F6FC26F313F7006B9444 /* VaccineCardTableViewCell */ = {
			isa = PBXGroup;
			children = (
				7944F6FD26F3141A006B9444 /* VaccineCardTableViewCell.swift */,
				7944F6FE26F3141A006B9444 /* VaccineCardTableViewCell.xib */,
			);
			path = VaccineCardTableViewCell;
			sourceTree = "<group>";
		};
		7944F70126F31425006B9444 /* NoCardsTableViewCell */ = {
			isa = PBXGroup;
			children = (
				7944F70226F31451006B9444 /* NoCardsTableViewCell.swift */,
				7944F70326F31451006B9444 /* NoCardsTableViewCell.xib */,
			);
			path = NoCardsTableViewCell;
			sourceTree = "<group>";
		};
		7944F70626F390CB006B9444 /* Old */ = {
			isa = PBXGroup;
			children = (
				7944F6E126F12C4E006B9444 /* VaccinePassportScreen */,
				7944F6E526F12C4E006B9444 /* VaccineStorageScreen */,
			);
			path = Old;
			sourceTree = "<group>";
		};
		7944F70726F390E4006B9444 /* SettingsFlow */ = {
			isa = PBXGroup;
			children = (
				7944F70826F390EC006B9444 /* SettingsBase */,
			);
			path = SettingsFlow;
			sourceTree = "<group>";
		};
		7944F70826F390EC006B9444 /* SettingsBase */ = {
			isa = PBXGroup;
			children = (
				7944F70A26F39128006B9444 /* SettingsViewController.swift */,
			);
			path = SettingsBase;
			sourceTree = "<group>";
		};
		7944F70C26F3A09A006B9444 /* QRRetrievalMethod */ = {
			isa = PBXGroup;
			children = (
				7944F70D26F3A0C1006B9444 /* QRRetrievalMethodViewController.swift */,
			);
			path = QRRetrievalMethod;
			sourceTree = "<group>";
		};
		7944F70F26F3A20E006B9444 /* QRSelectionTableViewCell */ = {
			isa = PBXGroup;
			children = (
				7944F71226F3A26D006B9444 /* QRSelectionTableViewCell.swift */,
				7944F71326F3A26D006B9444 /* QRSelectionTableViewCell.xib */,
			);
			path = QRSelectionTableViewCell;
			sourceTree = "<group>";
		};
		7944F71626F3B589006B9444 /* TextTableViewCell */ = {
			isa = PBXGroup;
			children = (
				7944F71726F3B59B006B9444 /* TextTableViewCell.swift */,
				7944F71826F3B59B006B9444 /* TextTableViewCell.xib */,
			);
			path = TextTableViewCell;
			sourceTree = "<group>";
		};
		7944F71B26F3CC36006B9444 /* RetrievalOptions */ = {
			isa = PBXGroup;
			children = (
				7944F6E026F12C4E006B9444 /* GatewayFormViewController.swift */,
			);
			path = RetrievalOptions;
			sourceTree = "<group>";
		};
		7967E73026F3DC5F00EEF510 /* FormTableViewCell */ = {
			isa = PBXGroup;
			children = (
				7967E73126F3DC9A00EEF510 /* FormTableViewCell.swift */,
				7967E73226F3DC9A00EEF510 /* FormTableViewCell.xib */,
			);
			path = FormTableViewCell;
			sourceTree = "<group>";
		};
		95BA81E170E18F38F168CAC6 /* Pods */ = {
			isa = PBXGroup;
			children = (
				BF4242F38B990712D13A4526 /* Pods-BCVaccineCard.debug.xcconfig */,
				B9FD1E568D657877F1A46EDF /* Pods-BCVaccineCard.release.xcconfig */,
				C0AEE6E3A4791CF9E9005A99 /* Pods-BCVaccineCard-BCVaccineCardUITests.debug.xcconfig */,
				5911A9FDF63511EB5F472758 /* Pods-BCVaccineCard-BCVaccineCardUITests.release.xcconfig */,
				53570F92CBD6DF6859403D73 /* Pods-BCVaccineCardTests.debug.xcconfig */,
				22CC9502C9D3E22D82962D6E /* Pods-BCVaccineCardTests.release.xcconfig */,
			);
			path = Pods;
			sourceTree = "<group>";
		};
		DCFF91F7DE26F761749DD7CC /* Frameworks */ = {
			isa = PBXGroup;
			children = (
				BBBD04D2372996911897ACE5 /* Pods_BCVaccineCard.framework */,
				A05EB7652EC6BE3F7ECAA70D /* Pods_BCVaccineCard_BCVaccineCardUITests.framework */,
				835B02C2C4FA0862B326DDC5 /* Pods_BCVaccineCardTests.framework */,
			);
			name = Frameworks;
			sourceTree = "<group>";
		};
/* End PBXGroup section */

/* Begin PBXNativeTarget section */
		7944F67426F12613006B9444 /* BCVaccineCard */ = {
			isa = PBXNativeTarget;
			buildConfigurationList = 7944F6A226F1261B006B9444 /* Build configuration list for PBXNativeTarget "BCVaccineCard" */;
			buildPhases = (
				057E2A075C13872D0BB7F642 /* [CP] Check Pods Manifest.lock */,
				7944F67126F12613006B9444 /* Sources */,
				7944F67226F12613006B9444 /* Frameworks */,
				7944F67326F12613006B9444 /* Resources */,
			);
			buildRules = (
			);
			dependencies = (
			);
			name = BCVaccineCard;
			productName = BCVaccineCard;
			productReference = 7944F67526F12613006B9444 /* BCVaccineCard.app */;
			productType = "com.apple.product-type.application";
		};
		7944F68D26F1261B006B9444 /* BCVaccineCardTests */ = {
			isa = PBXNativeTarget;
			buildConfigurationList = 7944F6A526F1261B006B9444 /* Build configuration list for PBXNativeTarget "BCVaccineCardTests" */;
			buildPhases = (
				FA5B22CC3624ADC04163FDDD /* [CP] Check Pods Manifest.lock */,
				7944F68A26F1261B006B9444 /* Sources */,
				7944F68B26F1261B006B9444 /* Frameworks */,
				7944F68C26F1261B006B9444 /* Resources */,
			);
			buildRules = (
			);
			dependencies = (
				7944F69026F1261B006B9444 /* PBXTargetDependency */,
			);
			name = BCVaccineCardTests;
			productName = BCVaccineCardTests;
			productReference = 7944F68E26F1261B006B9444 /* BCVaccineCardTests.xctest */;
			productType = "com.apple.product-type.bundle.unit-test";
		};
		7944F69826F1261B006B9444 /* BCVaccineCardUITests */ = {
			isa = PBXNativeTarget;
			buildConfigurationList = 7944F6A826F1261B006B9444 /* Build configuration list for PBXNativeTarget "BCVaccineCardUITests" */;
			buildPhases = (
				16F60EEC54A855B48F27E8AD /* [CP] Check Pods Manifest.lock */,
				7944F69526F1261B006B9444 /* Sources */,
				7944F69626F1261B006B9444 /* Frameworks */,
				7944F69726F1261B006B9444 /* Resources */,
			);
			buildRules = (
			);
			dependencies = (
				7944F69B26F1261B006B9444 /* PBXTargetDependency */,
			);
			name = BCVaccineCardUITests;
			productName = BCVaccineCardUITests;
			productReference = 7944F69926F1261B006B9444 /* BCVaccineCardUITests.xctest */;
			productType = "com.apple.product-type.bundle.ui-testing";
		};
/* End PBXNativeTarget section */

/* Begin PBXProject section */
		7944F66D26F12613006B9444 /* Project object */ = {
			isa = PBXProject;
			attributes = {
				LastSwiftUpdateCheck = 1250;
				LastUpgradeCheck = 1250;
				TargetAttributes = {
					7944F67426F12613006B9444 = {
						CreatedOnToolsVersion = 12.5.1;
					};
					7944F68D26F1261B006B9444 = {
						CreatedOnToolsVersion = 12.5.1;
						TestTargetID = 7944F67426F12613006B9444;
					};
					7944F69826F1261B006B9444 = {
						CreatedOnToolsVersion = 12.5.1;
						TestTargetID = 7944F67426F12613006B9444;
					};
				};
			};
			buildConfigurationList = 7944F67026F12613006B9444 /* Build configuration list for PBXProject "BCVaccineCard" */;
			compatibilityVersion = "Xcode 9.3";
			developmentRegion = en;
			hasScannedForEncodings = 0;
			knownRegions = (
				en,
				Base,
			);
			mainGroup = 7944F66C26F12613006B9444;
			productRefGroup = 7944F67626F12613006B9444 /* Products */;
			projectDirPath = "";
			projectRoot = "";
			targets = (
				7944F67426F12613006B9444 /* BCVaccineCard */,
				7944F68D26F1261B006B9444 /* BCVaccineCardTests */,
				7944F69826F1261B006B9444 /* BCVaccineCardUITests */,
			);
		};
/* End PBXProject section */

/* Begin PBXResourcesBuildPhase section */
		7944F67326F12613006B9444 /* Resources */ = {
			isa = PBXResourcesBuildPhase;
			buildActionMask = 2147483647;
			files = (
				7944F68826F1261B006B9444 /* LaunchScreen.storyboard in Resources */,
				7944F6D426F12C00006B9444 /* AppStyleButton.xib in Resources */,
				7944F71A26F3B59C006B9444 /* TextTableViewCell.xib in Resources */,
				7944F6DC26F12C00006B9444 /* ShadowCardView.xib in Resources */,
				7944F70026F3141A006B9444 /* VaccineCardTableViewCell.xib in Resources */,
				7944F70526F31451006B9444 /* NoCardsTableViewCell.xib in Resources */,
				7944F68526F1261B006B9444 /* Assets.xcassets in Resources */,
				7944F6DA26F12C00006B9444 /* PassportCollectionCell.xib in Resources */,
				7944F71526F3A26D006B9444 /* QRSelectionTableViewCell.xib in Resources */,
				7944F6DE26F12C00006B9444 /* NavigationHeaderView.xib in Resources */,
				7944F6D726F12C00006B9444 /* VaxQRZoomedInView.xib in Resources */,
				7967E73426F3DC9A00EEF510 /* FormTableViewCell.xib in Resources */,
				7944F68026F12613006B9444 /* Main.storyboard in Resources */,
			);
			runOnlyForDeploymentPostprocessing = 0;
		};
		7944F68C26F1261B006B9444 /* Resources */ = {
			isa = PBXResourcesBuildPhase;
			buildActionMask = 2147483647;
			files = (
			);
			runOnlyForDeploymentPostprocessing = 0;
		};
		7944F69726F1261B006B9444 /* Resources */ = {
			isa = PBXResourcesBuildPhase;
			buildActionMask = 2147483647;
			files = (
			);
			runOnlyForDeploymentPostprocessing = 0;
		};
/* End PBXResourcesBuildPhase section */

/* Begin PBXShellScriptBuildPhase section */
		057E2A075C13872D0BB7F642 /* [CP] Check Pods Manifest.lock */ = {
			isa = PBXShellScriptBuildPhase;
			buildActionMask = 2147483647;
			files = (
			);
			inputFileListPaths = (
			);
			inputPaths = (
				"${PODS_PODFILE_DIR_PATH}/Podfile.lock",
				"${PODS_ROOT}/Manifest.lock",
			);
			name = "[CP] Check Pods Manifest.lock";
			outputFileListPaths = (
			);
			outputPaths = (
				"$(DERIVED_FILE_DIR)/Pods-BCVaccineCard-checkManifestLockResult.txt",
			);
			runOnlyForDeploymentPostprocessing = 0;
			shellPath = /bin/sh;
			shellScript = "diff \"${PODS_PODFILE_DIR_PATH}/Podfile.lock\" \"${PODS_ROOT}/Manifest.lock\" > /dev/null\nif [ $? != 0 ] ; then\n    # print error to STDERR\n    echo \"error: The sandbox is not in sync with the Podfile.lock. Run 'pod install' or update your CocoaPods installation.\" >&2\n    exit 1\nfi\n# This output is used by Xcode 'outputs' to avoid re-running this script phase.\necho \"SUCCESS\" > \"${SCRIPT_OUTPUT_FILE_0}\"\n";
			showEnvVarsInLog = 0;
		};
		16F60EEC54A855B48F27E8AD /* [CP] Check Pods Manifest.lock */ = {
			isa = PBXShellScriptBuildPhase;
			buildActionMask = 2147483647;
			files = (
			);
			inputFileListPaths = (
			);
			inputPaths = (
				"${PODS_PODFILE_DIR_PATH}/Podfile.lock",
				"${PODS_ROOT}/Manifest.lock",
			);
			name = "[CP] Check Pods Manifest.lock";
			outputFileListPaths = (
			);
			outputPaths = (
				"$(DERIVED_FILE_DIR)/Pods-BCVaccineCard-BCVaccineCardUITests-checkManifestLockResult.txt",
			);
			runOnlyForDeploymentPostprocessing = 0;
			shellPath = /bin/sh;
			shellScript = "diff \"${PODS_PODFILE_DIR_PATH}/Podfile.lock\" \"${PODS_ROOT}/Manifest.lock\" > /dev/null\nif [ $? != 0 ] ; then\n    # print error to STDERR\n    echo \"error: The sandbox is not in sync with the Podfile.lock. Run 'pod install' or update your CocoaPods installation.\" >&2\n    exit 1\nfi\n# This output is used by Xcode 'outputs' to avoid re-running this script phase.\necho \"SUCCESS\" > \"${SCRIPT_OUTPUT_FILE_0}\"\n";
			showEnvVarsInLog = 0;
		};
		FA5B22CC3624ADC04163FDDD /* [CP] Check Pods Manifest.lock */ = {
			isa = PBXShellScriptBuildPhase;
			buildActionMask = 2147483647;
			files = (
			);
			inputFileListPaths = (
			);
			inputPaths = (
				"${PODS_PODFILE_DIR_PATH}/Podfile.lock",
				"${PODS_ROOT}/Manifest.lock",
			);
			name = "[CP] Check Pods Manifest.lock";
			outputFileListPaths = (
			);
			outputPaths = (
				"$(DERIVED_FILE_DIR)/Pods-BCVaccineCardTests-checkManifestLockResult.txt",
			);
			runOnlyForDeploymentPostprocessing = 0;
			shellPath = /bin/sh;
			shellScript = "diff \"${PODS_PODFILE_DIR_PATH}/Podfile.lock\" \"${PODS_ROOT}/Manifest.lock\" > /dev/null\nif [ $? != 0 ] ; then\n    # print error to STDERR\n    echo \"error: The sandbox is not in sync with the Podfile.lock. Run 'pod install' or update your CocoaPods installation.\" >&2\n    exit 1\nfi\n# This output is used by Xcode 'outputs' to avoid re-running this script phase.\necho \"SUCCESS\" > \"${SCRIPT_OUTPUT_FILE_0}\"\n";
			showEnvVarsInLog = 0;
		};
/* End PBXShellScriptBuildPhase section */

/* Begin PBXSourcesBuildPhase section */
		7944F67126F12613006B9444 /* Sources */ = {
			isa = PBXSourcesBuildPhase;
			buildActionMask = 2147483647;
			files = (
				7944F6BE26F12BD5006B9444 /* VaccinePassportModel.swift in Sources */,
				7944F6B426F12BA2006B9444 /* Storyboard.swift in Sources */,
				7967E73826F502E800EEF510 /* Date+Ext.swift in Sources */,
				7944F67926F12613006B9444 /* AppDelegate.swift in Sources */,
				7944F6EA26F12C4E006B9444 /* VaccineStorageVC.swift in Sources */,
				7944F68326F12614006B9444 /* BCVaccineCard.xcdatamodeld in Sources */,
				7967E73626F40DB100EEF510 /* Constants.swift in Sources */,
				7944F6F826F302DF006B9444 /* BaseViewController.swift in Sources */,
				7944F6D926F12C00006B9444 /* PassportCollectionCell.swift in Sources */,
				7944F6DB26F12C00006B9444 /* ShadowCardView.swift in Sources */,
				7944F70B26F39128006B9444 /* SettingsViewController.swift in Sources */,
				7944F6F526F30293006B9444 /* CardsBaseViewController.swift in Sources */,
				7944F6D526F12C00006B9444 /* AppStyleButton.swift in Sources */,
				7944F6FA26F30413006B9444 /* UINavigationItem+Ext.swift in Sources */,
				7944F6BB26F12BC3006B9444 /* UIButton+EXT.swift in Sources */,
				7944F6DD26F12C00006B9444 /* NavigationHeaderView.swift in Sources */,
				7967E73A26F517F600EEF510 /* GatewayFormData.swift in Sources */,
				7944F67B26F12613006B9444 /* SceneDelegate.swift in Sources */,
				7944F6C126F12BF2006B9444 /* Defaults.swift in Sources */,
				7944F6D826F12C00006B9444 /* VaxQRZoomedInView.swift in Sources */,
				7944F70E26F3A0C1006B9444 /* QRRetrievalMethodViewController.swift in Sources */,
				7944F6D626F12C00006B9444 /* AlertVC.swift in Sources */,
				7967E73326F3DC9A00EEF510 /* FormTableViewCell.swift in Sources */,
				7944F6E826F12C4E006B9444 /* ZoomedInPopUpVC.swift in Sources */,
				7944F70426F31451006B9444 /* NoCardsTableViewCell.swift in Sources */,
				7944F71426F3A26D006B9444 /* QRSelectionTableViewCell.swift in Sources */,
				7944F71926F3B59C006B9444 /* TextTableViewCell.swift in Sources */,
				7944F6E926F12C4E006B9444 /* VaccinePassportVC.swift in Sources */,
				7944F6FF26F3141A006B9444 /* VaccineCardTableViewCell.swift in Sources */,
				7944F6BC26F12BC3006B9444 /* String+EXT.swift in Sources */,
				7944F6BA26F12BC3006B9444 /* AppColours.swift in Sources */,
				7944F6E726F12C4E006B9444 /* GatewayFormViewController.swift in Sources */,
			);
			runOnlyForDeploymentPostprocessing = 0;
		};
		7944F68A26F1261B006B9444 /* Sources */ = {
			isa = PBXSourcesBuildPhase;
			buildActionMask = 2147483647;
			files = (
				7944F69326F1261B006B9444 /* BCVaccineCardTests.swift in Sources */,
			);
			runOnlyForDeploymentPostprocessing = 0;
		};
		7944F69526F1261B006B9444 /* Sources */ = {
			isa = PBXSourcesBuildPhase;
			buildActionMask = 2147483647;
			files = (
				7944F69E26F1261B006B9444 /* BCVaccineCardUITests.swift in Sources */,
			);
			runOnlyForDeploymentPostprocessing = 0;
		};
/* End PBXSourcesBuildPhase section */

/* Begin PBXTargetDependency section */
		7944F69026F1261B006B9444 /* PBXTargetDependency */ = {
			isa = PBXTargetDependency;
			target = 7944F67426F12613006B9444 /* BCVaccineCard */;
			targetProxy = 7944F68F26F1261B006B9444 /* PBXContainerItemProxy */;
		};
		7944F69B26F1261B006B9444 /* PBXTargetDependency */ = {
			isa = PBXTargetDependency;
			target = 7944F67426F12613006B9444 /* BCVaccineCard */;
			targetProxy = 7944F69A26F1261B006B9444 /* PBXContainerItemProxy */;
		};
/* End PBXTargetDependency section */

/* Begin PBXVariantGroup section */
		7944F67E26F12613006B9444 /* Main.storyboard */ = {
			isa = PBXVariantGroup;
			children = (
				7944F67F26F12613006B9444 /* Base */,
			);
			name = Main.storyboard;
			sourceTree = "<group>";
		};
		7944F68626F1261B006B9444 /* LaunchScreen.storyboard */ = {
			isa = PBXVariantGroup;
			children = (
				7944F68726F1261B006B9444 /* Base */,
			);
			name = LaunchScreen.storyboard;
			sourceTree = "<group>";
		};
/* End PBXVariantGroup section */

/* Begin XCBuildConfiguration section */
		7944F6A026F1261B006B9444 /* Debug */ = {
			isa = XCBuildConfiguration;
			buildSettings = {
				ALWAYS_SEARCH_USER_PATHS = NO;
				CLANG_ANALYZER_NONNULL = YES;
				CLANG_ANALYZER_NUMBER_OBJECT_CONVERSION = YES_AGGRESSIVE;
				CLANG_CXX_LANGUAGE_STANDARD = "gnu++14";
				CLANG_CXX_LIBRARY = "libc++";
				CLANG_ENABLE_MODULES = YES;
				CLANG_ENABLE_OBJC_ARC = YES;
				CLANG_ENABLE_OBJC_WEAK = YES;
				CLANG_WARN_BLOCK_CAPTURE_AUTORELEASING = YES;
				CLANG_WARN_BOOL_CONVERSION = YES;
				CLANG_WARN_COMMA = YES;
				CLANG_WARN_CONSTANT_CONVERSION = YES;
				CLANG_WARN_DEPRECATED_OBJC_IMPLEMENTATIONS = YES;
				CLANG_WARN_DIRECT_OBJC_ISA_USAGE = YES_ERROR;
				CLANG_WARN_DOCUMENTATION_COMMENTS = YES;
				CLANG_WARN_EMPTY_BODY = YES;
				CLANG_WARN_ENUM_CONVERSION = YES;
				CLANG_WARN_INFINITE_RECURSION = YES;
				CLANG_WARN_INT_CONVERSION = YES;
				CLANG_WARN_NON_LITERAL_NULL_CONVERSION = YES;
				CLANG_WARN_OBJC_IMPLICIT_RETAIN_SELF = YES;
				CLANG_WARN_OBJC_LITERAL_CONVERSION = YES;
				CLANG_WARN_OBJC_ROOT_CLASS = YES_ERROR;
				CLANG_WARN_QUOTED_INCLUDE_IN_FRAMEWORK_HEADER = YES;
				CLANG_WARN_RANGE_LOOP_ANALYSIS = YES;
				CLANG_WARN_STRICT_PROTOTYPES = YES;
				CLANG_WARN_SUSPICIOUS_MOVE = YES;
				CLANG_WARN_UNGUARDED_AVAILABILITY = YES_AGGRESSIVE;
				CLANG_WARN_UNREACHABLE_CODE = YES;
				CLANG_WARN__DUPLICATE_METHOD_MATCH = YES;
				COPY_PHASE_STRIP = NO;
				DEBUG_INFORMATION_FORMAT = dwarf;
				ENABLE_STRICT_OBJC_MSGSEND = YES;
				ENABLE_TESTABILITY = YES;
				GCC_C_LANGUAGE_STANDARD = gnu11;
				GCC_DYNAMIC_NO_PIC = NO;
				GCC_NO_COMMON_BLOCKS = YES;
				GCC_OPTIMIZATION_LEVEL = 0;
				GCC_PREPROCESSOR_DEFINITIONS = (
					"DEBUG=1",
					"$(inherited)",
				);
				GCC_WARN_64_TO_32_BIT_CONVERSION = YES;
				GCC_WARN_ABOUT_RETURN_TYPE = YES_ERROR;
				GCC_WARN_UNDECLARED_SELECTOR = YES;
				GCC_WARN_UNINITIALIZED_AUTOS = YES_AGGRESSIVE;
				GCC_WARN_UNUSED_FUNCTION = YES;
				GCC_WARN_UNUSED_VARIABLE = YES;
				IPHONEOS_DEPLOYMENT_TARGET = 14.5;
				MTL_ENABLE_DEBUG_INFO = INCLUDE_SOURCE;
				MTL_FAST_MATH = YES;
				ONLY_ACTIVE_ARCH = YES;
				SDKROOT = iphoneos;
				SWIFT_ACTIVE_COMPILATION_CONDITIONS = DEBUG;
				SWIFT_OPTIMIZATION_LEVEL = "-Onone";
			};
			name = Debug;
		};
		7944F6A126F1261B006B9444 /* Release */ = {
			isa = XCBuildConfiguration;
			buildSettings = {
				ALWAYS_SEARCH_USER_PATHS = NO;
				CLANG_ANALYZER_NONNULL = YES;
				CLANG_ANALYZER_NUMBER_OBJECT_CONVERSION = YES_AGGRESSIVE;
				CLANG_CXX_LANGUAGE_STANDARD = "gnu++14";
				CLANG_CXX_LIBRARY = "libc++";
				CLANG_ENABLE_MODULES = YES;
				CLANG_ENABLE_OBJC_ARC = YES;
				CLANG_ENABLE_OBJC_WEAK = YES;
				CLANG_WARN_BLOCK_CAPTURE_AUTORELEASING = YES;
				CLANG_WARN_BOOL_CONVERSION = YES;
				CLANG_WARN_COMMA = YES;
				CLANG_WARN_CONSTANT_CONVERSION = YES;
				CLANG_WARN_DEPRECATED_OBJC_IMPLEMENTATIONS = YES;
				CLANG_WARN_DIRECT_OBJC_ISA_USAGE = YES_ERROR;
				CLANG_WARN_DOCUMENTATION_COMMENTS = YES;
				CLANG_WARN_EMPTY_BODY = YES;
				CLANG_WARN_ENUM_CONVERSION = YES;
				CLANG_WARN_INFINITE_RECURSION = YES;
				CLANG_WARN_INT_CONVERSION = YES;
				CLANG_WARN_NON_LITERAL_NULL_CONVERSION = YES;
				CLANG_WARN_OBJC_IMPLICIT_RETAIN_SELF = YES;
				CLANG_WARN_OBJC_LITERAL_CONVERSION = YES;
				CLANG_WARN_OBJC_ROOT_CLASS = YES_ERROR;
				CLANG_WARN_QUOTED_INCLUDE_IN_FRAMEWORK_HEADER = YES;
				CLANG_WARN_RANGE_LOOP_ANALYSIS = YES;
				CLANG_WARN_STRICT_PROTOTYPES = YES;
				CLANG_WARN_SUSPICIOUS_MOVE = YES;
				CLANG_WARN_UNGUARDED_AVAILABILITY = YES_AGGRESSIVE;
				CLANG_WARN_UNREACHABLE_CODE = YES;
				CLANG_WARN__DUPLICATE_METHOD_MATCH = YES;
				COPY_PHASE_STRIP = NO;
				DEBUG_INFORMATION_FORMAT = "dwarf-with-dsym";
				ENABLE_NS_ASSERTIONS = NO;
				ENABLE_STRICT_OBJC_MSGSEND = YES;
				GCC_C_LANGUAGE_STANDARD = gnu11;
				GCC_NO_COMMON_BLOCKS = YES;
				GCC_WARN_64_TO_32_BIT_CONVERSION = YES;
				GCC_WARN_ABOUT_RETURN_TYPE = YES_ERROR;
				GCC_WARN_UNDECLARED_SELECTOR = YES;
				GCC_WARN_UNINITIALIZED_AUTOS = YES_AGGRESSIVE;
				GCC_WARN_UNUSED_FUNCTION = YES;
				GCC_WARN_UNUSED_VARIABLE = YES;
				IPHONEOS_DEPLOYMENT_TARGET = 14.5;
				MTL_ENABLE_DEBUG_INFO = NO;
				MTL_FAST_MATH = YES;
				SDKROOT = iphoneos;
				SWIFT_COMPILATION_MODE = wholemodule;
				SWIFT_OPTIMIZATION_LEVEL = "-O";
				VALIDATE_PRODUCT = YES;
			};
			name = Release;
		};
		7944F6A326F1261B006B9444 /* Debug */ = {
			isa = XCBuildConfiguration;
			baseConfigurationReference = BF4242F38B990712D13A4526 /* Pods-BCVaccineCard.debug.xcconfig */;
			buildSettings = {
				ASSETCATALOG_COMPILER_APPICON_NAME = AppIcon;
				ASSETCATALOG_COMPILER_GLOBAL_ACCENT_COLOR_NAME = AccentColor;
				CODE_SIGN_STYLE = Automatic;
				DEVELOPMENT_TEAM = TCH45SXZ69;
				INFOPLIST_FILE = BCVaccineCard/Info.plist;
				LD_RUNPATH_SEARCH_PATHS = (
					"$(inherited)",
					"@executable_path/Frameworks",
				);
				PRODUCT_BUNDLE_IDENTIFIER = io.freshworks.BCVaccineCard;
				PRODUCT_NAME = "$(TARGET_NAME)";
				SWIFT_VERSION = 5.0;
				TARGETED_DEVICE_FAMILY = "1,2";
			};
			name = Debug;
		};
		7944F6A426F1261B006B9444 /* Release */ = {
			isa = XCBuildConfiguration;
			baseConfigurationReference = B9FD1E568D657877F1A46EDF /* Pods-BCVaccineCard.release.xcconfig */;
			buildSettings = {
				ASSETCATALOG_COMPILER_APPICON_NAME = AppIcon;
				ASSETCATALOG_COMPILER_GLOBAL_ACCENT_COLOR_NAME = AccentColor;
				CODE_SIGN_STYLE = Automatic;
				DEVELOPMENT_TEAM = TCH45SXZ69;
				INFOPLIST_FILE = BCVaccineCard/Info.plist;
				LD_RUNPATH_SEARCH_PATHS = (
					"$(inherited)",
					"@executable_path/Frameworks",
				);
				PRODUCT_BUNDLE_IDENTIFIER = io.freshworks.BCVaccineCard;
				PRODUCT_NAME = "$(TARGET_NAME)";
				SWIFT_VERSION = 5.0;
				TARGETED_DEVICE_FAMILY = "1,2";
			};
			name = Release;
		};
		7944F6A626F1261B006B9444 /* Debug */ = {
			isa = XCBuildConfiguration;
			baseConfigurationReference = 53570F92CBD6DF6859403D73 /* Pods-BCVaccineCardTests.debug.xcconfig */;
			buildSettings = {
				ALWAYS_EMBED_SWIFT_STANDARD_LIBRARIES = YES;
				BUNDLE_LOADER = "$(TEST_HOST)";
				CODE_SIGN_STYLE = Automatic;
				DEVELOPMENT_TEAM = TCH45SXZ69;
				INFOPLIST_FILE = BCVaccineCardTests/Info.plist;
				IPHONEOS_DEPLOYMENT_TARGET = 14.5;
				LD_RUNPATH_SEARCH_PATHS = (
					"$(inherited)",
					"@executable_path/Frameworks",
					"@loader_path/Frameworks",
				);
				PRODUCT_BUNDLE_IDENTIFIER = io.freshworks.BCVaccineCardTests;
				PRODUCT_NAME = "$(TARGET_NAME)";
				SWIFT_VERSION = 5.0;
				TARGETED_DEVICE_FAMILY = "1,2";
				TEST_HOST = "$(BUILT_PRODUCTS_DIR)/BCVaccineCard.app/BCVaccineCard";
			};
			name = Debug;
		};
		7944F6A726F1261B006B9444 /* Release */ = {
			isa = XCBuildConfiguration;
			baseConfigurationReference = 22CC9502C9D3E22D82962D6E /* Pods-BCVaccineCardTests.release.xcconfig */;
			buildSettings = {
				ALWAYS_EMBED_SWIFT_STANDARD_LIBRARIES = YES;
				BUNDLE_LOADER = "$(TEST_HOST)";
				CODE_SIGN_STYLE = Automatic;
				DEVELOPMENT_TEAM = TCH45SXZ69;
				INFOPLIST_FILE = BCVaccineCardTests/Info.plist;
				IPHONEOS_DEPLOYMENT_TARGET = 14.5;
				LD_RUNPATH_SEARCH_PATHS = (
					"$(inherited)",
					"@executable_path/Frameworks",
					"@loader_path/Frameworks",
				);
				PRODUCT_BUNDLE_IDENTIFIER = io.freshworks.BCVaccineCardTests;
				PRODUCT_NAME = "$(TARGET_NAME)";
				SWIFT_VERSION = 5.0;
				TARGETED_DEVICE_FAMILY = "1,2";
				TEST_HOST = "$(BUILT_PRODUCTS_DIR)/BCVaccineCard.app/BCVaccineCard";
			};
			name = Release;
		};
		7944F6A926F1261B006B9444 /* Debug */ = {
			isa = XCBuildConfiguration;
			baseConfigurationReference = C0AEE6E3A4791CF9E9005A99 /* Pods-BCVaccineCard-BCVaccineCardUITests.debug.xcconfig */;
			buildSettings = {
				ALWAYS_EMBED_SWIFT_STANDARD_LIBRARIES = YES;
				CODE_SIGN_STYLE = Automatic;
				DEVELOPMENT_TEAM = TCH45SXZ69;
				INFOPLIST_FILE = BCVaccineCardUITests/Info.plist;
				LD_RUNPATH_SEARCH_PATHS = (
					"$(inherited)",
					"@executable_path/Frameworks",
					"@loader_path/Frameworks",
				);
				PRODUCT_BUNDLE_IDENTIFIER = io.freshworks.BCVaccineCardUITests;
				PRODUCT_NAME = "$(TARGET_NAME)";
				SWIFT_VERSION = 5.0;
				TARGETED_DEVICE_FAMILY = "1,2";
				TEST_TARGET_NAME = BCVaccineCard;
			};
			name = Debug;
		};
		7944F6AA26F1261B006B9444 /* Release */ = {
			isa = XCBuildConfiguration;
			baseConfigurationReference = 5911A9FDF63511EB5F472758 /* Pods-BCVaccineCard-BCVaccineCardUITests.release.xcconfig */;
			buildSettings = {
				ALWAYS_EMBED_SWIFT_STANDARD_LIBRARIES = YES;
				CODE_SIGN_STYLE = Automatic;
				DEVELOPMENT_TEAM = TCH45SXZ69;
				INFOPLIST_FILE = BCVaccineCardUITests/Info.plist;
				LD_RUNPATH_SEARCH_PATHS = (
					"$(inherited)",
					"@executable_path/Frameworks",
					"@loader_path/Frameworks",
				);
				PRODUCT_BUNDLE_IDENTIFIER = io.freshworks.BCVaccineCardUITests;
				PRODUCT_NAME = "$(TARGET_NAME)";
				SWIFT_VERSION = 5.0;
				TARGETED_DEVICE_FAMILY = "1,2";
				TEST_TARGET_NAME = BCVaccineCard;
			};
			name = Release;
		};
/* End XCBuildConfiguration section */

/* Begin XCConfigurationList section */
		7944F67026F12613006B9444 /* Build configuration list for PBXProject "BCVaccineCard" */ = {
			isa = XCConfigurationList;
			buildConfigurations = (
				7944F6A026F1261B006B9444 /* Debug */,
				7944F6A126F1261B006B9444 /* Release */,
			);
			defaultConfigurationIsVisible = 0;
			defaultConfigurationName = Release;
		};
		7944F6A226F1261B006B9444 /* Build configuration list for PBXNativeTarget "BCVaccineCard" */ = {
			isa = XCConfigurationList;
			buildConfigurations = (
				7944F6A326F1261B006B9444 /* Debug */,
				7944F6A426F1261B006B9444 /* Release */,
			);
			defaultConfigurationIsVisible = 0;
			defaultConfigurationName = Release;
		};
		7944F6A526F1261B006B9444 /* Build configuration list for PBXNativeTarget "BCVaccineCardTests" */ = {
			isa = XCConfigurationList;
			buildConfigurations = (
				7944F6A626F1261B006B9444 /* Debug */,
				7944F6A726F1261B006B9444 /* Release */,
			);
			defaultConfigurationIsVisible = 0;
			defaultConfigurationName = Release;
		};
		7944F6A826F1261B006B9444 /* Build configuration list for PBXNativeTarget "BCVaccineCardUITests" */ = {
			isa = XCConfigurationList;
			buildConfigurations = (
				7944F6A926F1261B006B9444 /* Debug */,
				7944F6AA26F1261B006B9444 /* Release */,
			);
			defaultConfigurationIsVisible = 0;
			defaultConfigurationName = Release;
		};
/* End XCConfigurationList section */

/* Begin XCVersionGroup section */
		7944F68126F12614006B9444 /* BCVaccineCard.xcdatamodeld */ = {
			isa = XCVersionGroup;
			children = (
				7944F68226F12614006B9444 /* BCVaccineCard.xcdatamodel */,
			);
			currentVersion = 7944F68226F12614006B9444 /* BCVaccineCard.xcdatamodel */;
			path = BCVaccineCard.xcdatamodeld;
			sourceTree = "<group>";
			versionGroupType = wrapper.xcdatamodel;
		};
/* End XCVersionGroup section */
	};
	rootObject = 7944F66D26F12613006B9444 /* Project object */;
}
