PODS:
  - Alamofire (5.4.4)
  - AlamofireRSSParser (2.4.0):
    - Alamofire (~> 5.0)
  - BCVaccineValidator (1.0.9):
    - Alamofire
    - JOSESwift
  - Firebase/AppDistribution (8.10.0):
    - Firebase/CoreOnly
    - FirebaseAppDistribution (~> 8.10.0-beta)
  - Firebase/CoreOnly (8.10.0):
    - FirebaseCore (= 8.10.0)
  - FirebaseAppDistribution (8.10.0-beta):
    - FirebaseCore (~> 8.0)
    - FirebaseInstallations (~> 8.0)
    - GoogleDataTransport (~> 9.1)
    - GoogleUtilities/AppDelegateSwizzler (~> 7.6)
    - GoogleUtilities/UserDefaults (~> 7.6)
  - FirebaseCore (8.10.0):
    - FirebaseCoreDiagnostics (~> 8.0)
    - GoogleUtilities/Environment (~> 7.6)
    - GoogleUtilities/Logger (~> 7.6)
  - FirebaseCoreDiagnostics (8.10.0):
    - GoogleDataTransport (~> 9.1)
    - GoogleUtilities/Environment (~> 7.6)
    - GoogleUtilities/Logger (~> 7.6)
    - nanopb (~> 2.30908.0)
  - FirebaseInstallations (8.10.0):
    - FirebaseCore (~> 8.0)
    - GoogleUtilities/Environment (~> 7.6)
    - GoogleUtilities/UserDefaults (~> 7.6)
    - PromisesObjC (< 3.0, >= 1.2)
  - FMDB (2.7.5):
    - FMDB/standard (= 2.7.5)
  - FMDB/standard (2.7.5)
  - GoogleDataTransport (9.1.2):
    - GoogleUtilities/Environment (~> 7.2)
    - nanopb (~> 2.30908.0)
    - PromisesObjC (< 3.0, >= 1.2)
  - GoogleUtilities/AppDelegateSwizzler (7.6.0):
    - GoogleUtilities/Environment
    - GoogleUtilities/Logger
    - GoogleUtilities/Network
  - GoogleUtilities/Environment (7.6.0):
    - PromisesObjC (< 3.0, >= 1.2)
  - GoogleUtilities/Logger (7.6.0):
    - GoogleUtilities/Environment
  - GoogleUtilities/Network (7.6.0):
    - GoogleUtilities/Logger
    - "GoogleUtilities/NSData+zlib"
    - GoogleUtilities/Reachability
  - "GoogleUtilities/NSData+zlib (7.6.0)"
  - GoogleUtilities/Reachability (7.6.0):
    - GoogleUtilities/Logger
  - GoogleUtilities/UserDefaults (7.6.0):
    - GoogleUtilities/Logger
  - JOSESwift (2.4.0)
  - nanopb (2.30908.0):
    - nanopb/decode (= 2.30908.0)
    - nanopb/encode (= 2.30908.0)
  - nanopb/decode (2.30908.0)
  - nanopb/encode (2.30908.0)
  - PromisesObjC (2.0.0)
  - QueueITLibrary (3.0.8)
  - SnowplowTracker (2.2.2):
    - FMDB (~> 2.7)
  - SwiftyJSON (4.3.0)
  - SwipeCellKit (2.7.1)

DEPENDENCIES:
  - AlamofireRSSParser
  - BCVaccineValidator (from `https://github.com/bcgov/iOSVaccineValidator`)
  - Firebase/AppDistribution
  - QueueITLibrary (~> 3.0.3)
  - SnowplowTracker (~> 2.0)
  - SwiftyJSON (~> 4.0)
  - SwipeCellKit

SPEC REPOS:
  trunk:
    - Alamofire
    - AlamofireRSSParser
    - Firebase
    - FirebaseAppDistribution
    - FirebaseCore
    - FirebaseCoreDiagnostics
    - FirebaseInstallations
    - FMDB
    - GoogleDataTransport
    - GoogleUtilities
    - JOSESwift
    - nanopb
    - PromisesObjC
    - QueueITLibrary
    - SnowplowTracker
    - SwiftyJSON
    - SwipeCellKit

EXTERNAL SOURCES:
  BCVaccineValidator:
    :git: https://github.com/bcgov/iOSVaccineValidator

CHECKOUT OPTIONS:
  BCVaccineValidator:
    :commit: a2cbdbbaee46e51636dc46db643c407d7241a058
    :git: https://github.com/bcgov/iOSVaccineValidator

SPEC CHECKSUMS:
  Alamofire: f3b09a368f1582ab751b3fff5460276e0d2cf5c9
  AlamofireRSSParser: dab86644d4d220b313767c33ef09e7acf11f641a
  BCVaccineValidator: 9f5ecb5accb833cbeab1220df42f7d5235be2eee
  Firebase: 44213362f1dcc52555b935dc925ed35ac55f1b20
  FirebaseAppDistribution: 1d62aa8711bd2d9a56aa4c44098f533d3d459822
  FirebaseCore: 04186597c095da37d90ff9fd3e53bc61a1ff2440
  FirebaseCoreDiagnostics: 56fb7216d87e0e6ec2feddefa9d8a392fe8b2c18
  FirebaseInstallations: 830327b45345ffc859eaa9c17bcd5ae893fd5425
  FMDB: 2ce00b547f966261cd18927a3ddb07cb6f3db82a
  GoogleDataTransport: 629c20a4d363167143f30ea78320d5a7eb8bd940
  GoogleUtilities: 684ee790a24f73ebb2d1d966e9711c203f2a4237
  JOSESwift: 7ff178bb9173ff42c6e990929a9f2fa702a34f69
  nanopb: a0ba3315591a9ae0a16a309ee504766e90db0c96
  PromisesObjC: 68159ce6952d93e17b2dfe273b8c40907db5ba58
  QueueITLibrary: 0ed653c2f57929946b85269b0f53493fe316ad70
  SnowplowTracker: 2eee2d6606a60db98f7c4e1515499bb216b6c8ad
  SwiftyJSON: 6faa0040f8b59dead0ee07436cbf76b73c08fd08
  SwipeCellKit: 3972254a826da74609926daf59b08d6c72e619ea

PODFILE CHECKSUM: 1cdf223cf2658b0dfba3646e6306845dcebd1f13

COCOAPODS: 1.11.2
