PODS:
  - Alamofire (5.4.3)
  - AlamofireRSSParser (2.4.0):
    - Alamofire (~> 5.0)
  - FMDB (2.7.5):
    - FMDB/standard (= 2.7.5)
  - FMDB/standard (2.7.5)
  - QueueITLibrary (3.0.7)
  - SnowplowTracker (2.2.2):
    - FMDB (~> 2.7)
  - SwiftyJSON (4.3.0)

DEPENDENCIES:
  - AlamofireRSSParser
  - QueueITLibrary (~> 3.0.3)
  - SnowplowTracker (~> 2.0)
  - SwiftyJSON (~> 4.0)

SPEC REPOS:
  trunk:
    - Alamofire
    - AlamofireRSSParser
    - FMDB
    - QueueITLibrary
    - SnowplowTracker
    - SwiftyJSON

SPEC CHECKSUMS:
  Alamofire: e447a2774a40c996748296fa2c55112fdbbc42f9
  AlamofireRSSParser: dab86644d4d220b313767c33ef09e7acf11f641a
  FMDB: 2ce00b547f966261cd18927a3ddb07cb6f3db82a
  QueueITLibrary: 9840861051bd5b99dbf88700dd1a12ff71786b62
  SnowplowTracker: 2eee2d6606a60db98f7c4e1515499bb216b6c8ad
  SwiftyJSON: 6faa0040f8b59dead0ee07436cbf76b73c08fd08

PODFILE CHECKSUM: 2a4a6262ff3cee9b17524ad5411d3ecbad4cf54c

COCOAPODS: 1.10.1
